
Microsoft Visual Studio Solution File, Format Version 12.00
# Visual Studio Version 17
VisualStudioVersion = 17.14.36025.13
MinimumVisualStudioVersion = 10.0.40219.1
Project("{FAE04EC0-301F-11D3-BF4B-00C04F79EFBC}") = "AspNetCoreSharedKernel", "AspNetCoreSharedKernel\AspNetCoreSharedKernel.csproj", "{C1A5C7DA-48CA-462E-8716-8FF5D877BA4B}"
EndProject
Project("{2150E333-8FDC-42A3-9474-1A3956D46DE8}") = "Solution Items", "Solution Items", "{8EC462FD-D22E-90A8-E5CE-7E832BA40C5D}"
	ProjectSection(SolutionItems) = preProject
		.editorconfig = .editorconfig
		Commands.md = Commands.md
		Configuration.md = Configuration.md
	EndProjectSection
EndProject
Project("{FAE04EC0-301F-11D3-BF4B-00C04F79EFBC}") = "AspNetCoreSharedKernel.Tests", "AspNetCoreSharedKernel.Tests\AspNetCoreSharedKernel.Tests.csproj", "{41A25A7D-04A4-4D1C-B435-E9C8C4EB0FAE}"
EndProject
Global
	GlobalSection(SolutionConfigurationPlatforms) = preSolution
		Debug|Any CPU = Debug|Any CPU
		Release|Any CPU = Release|Any CPU
	EndGlobalSection
	GlobalSection(ProjectConfigurationPlatforms) = postSolution
		{C1A5C7DA-48CA-462E-8716-8FF5D877BA4B}.Debug|Any CPU.ActiveCfg = Debug|Any CPU
		{C1A5C7DA-48CA-462E-8716-8FF5D877BA4B}.Debug|Any CPU.Build.0 = Debug|Any CPU
		{C1A5C7DA-48CA-462E-8716-8FF5D877BA4B}.Release|Any CPU.ActiveCfg = Release|Any CPU
		{C1A5C7DA-48CA-462E-8716-8FF5D877BA4B}.Release|Any CPU.Build.0 = Release|Any CPU
		{41A25A7D-04A4-4D1C-B435-E9C8C4EB0FAE}.Debug|Any CPU.ActiveCfg = Debug|Any CPU
		{41A25A7D-04A4-4D1C-B435-E9C8C4EB0FAE}.Debug|Any CPU.Build.0 = Debug|Any CPU
		{41A25A7D-04A4-4D1C-B435-E9C8C4EB0FAE}.Release|Any CPU.ActiveCfg = Release|Any CPU
		{41A25A7D-04A4-4D1C-B435-E9C8C4EB0FAE}.Release|Any CPU.Build.0 = Release|Any CPU
	EndGlobalSection
	GlobalSection(SolutionProperties) = preSolution
		HideSolutionNode = FALSE
	EndGlobalSection
	GlobalSection(ExtensibilityGlobals) = postSolution
		SolutionGuid = {A6D89E6E-9AA2-4C53-84AD-3FF5E3144781}
	EndGlobalSection
EndGlobal
